webtyp.com/await v0.1.2 h1:0rZLLCvu+y/8CJU0YH2ZGi/OLygZwZTBJIrGi0+Z0Fg=
webtyp.com/await v0.1.2/go.mod h1:SiF0Y5G9XEnN5u6SISxLU4GW/8y9ENR1K3fQF1uHMCQ=
webtyp.com/files v0.0.4 h1:eWHZxuxfyTUEseiqsAORerCby0Q5pgE90NrrB6IMi7w=
webtyp.com/files v0.0.4/go.mod h1:60eXoQBgpphr/NVhRJq1cueKzpHCzjbp0gml2uz3MQg=
webtyp.com/fmt v1.0.0 h1:W0vMMGC6ezg1q2LarAEaVnNvZ26hVqzZdQQH1wcNogM=
webtyp.com/fmt v1.0.0/go.mod h1:FmTxx713R45J21kbH5JOmKGaaCap3fJPA9Yl2n4Ch7U=
